Microsoft Visual Studio Solution File, Format Version 12.00
# Visual Studio Version 17
VisualStudioVersion = 17.5.2.0
MinimumVisualStudioVersion = 10.0.40219.1
Project("{FAE04EC0-301F-11D3-BF4B-00C04F79EFBC}") = "PharmacyConsoleApp", "PharmacyConsoleApp.csproj", "{5FA87364-2F13-7271-E5AF-AC236C04AD16}"
EndProject
Global
	GlobalSection(SolutionConfigurationPlatforms) = preSolution
		Debug|Any CPU = Debug|Any CPU
		Release|Any CPU = Release|Any CPU
	EndGlobalSection
	GlobalSection(ProjectConfigurationPlatforms) = postSolution
		{5FA87364-2F13-7271-E5AF-AC236C04AD16}.Debug|Any CPU.ActiveCfg = Debug|Any CPU
		{5FA87364-2F13-7271-E5AF-AC236C04AD16}.Debug|Any CPU.Build.0 = Debug|Any CPU
		{5FA87364-2F13-7271-E5AF-AC236C04AD16}.Release|Any CPU.ActiveCfg = Release|Any CPU
		{5FA87364-2F13-7271-E5AF-AC236C04AD16}.Release|Any CPU.Build.0 = Release|Any CPU
	EndGlobalSection
	GlobalSection(SolutionProperties) = preSolution
		HideSolutionNode = FALSE
	EndGlobalSection
	GlobalSection(ExtensibilityGlobals) = postSolution
		SolutionGuid = {572CB4A4-8713-4278-9B70-D156FB7089B9}
	EndGlobalSection
EndGlobal
